
Microsoft Visual Studio Solution File, Format Version 12.00
# Visual Studio Version 16
VisualStudioVersion = 16.0.29306.81
MinimumVisualStudioVersion = 10.0.40219.1
Project("{FAE04EC0-301F-11D3-BF4B-00C04F79EFBC}") = "NN", "NN\NN.csproj", "{F5ED6145-4533-4D9A-9A3A-6FEE8EA5D73E}"
EndProject
Global
	GlobalSection(SolutionConfigurationPlatforms) = preSolution
		Debug|Any CPU = Debug|Any CPU
		Release|Any CPU = Release|Any CPU
	EndGlobalSection
	GlobalSection(ProjectConfigurationPlatforms) = postSolution
		{F5ED6145-4533-4D9A-9A3A-6FEE8EA5D73E}.Debug|Any CPU.ActiveCfg = Debug|Any CPU
		{F5ED6145-4533-4D9A-9A3A-6FEE8EA5D73E}.Debug|Any CPU.Build.0 = Debug|Any CPU
		{F5ED6145-4533-4D9A-9A3A-6FEE8EA5D73E}.Release|Any CPU.ActiveCfg = Release|Any CPU
		{F5ED6145-4533-4D9A-9A3A-6FEE8EA5D73E}.Release|Any CPU.Build.0 = Release|Any CPU
	EndGlobalSection
	GlobalSection(SolutionProperties) = preSolution
		HideSolutionNode = FALSE
	EndGlobalSection
	GlobalSection(ExtensibilityGlobals) = postSolution
		SolutionGuid = {CB8CEEE2-2D93-4A8B-9F33-5371E27F4F77}
	EndGlobalSection
EndGlobal
